// !$*UTF8*$!
{
	archiveVersion = 1;
	classes = {
	};
	objectVersion = 50;
	objects = {

/* Begin PBXBuildFile section */
		5A34782221B3ED3200C20D45 /* GameAI.swift in Sources */ = {isa = PBXBuildFile; fileRef = 5A34782121B3ED3200C20D45 /* GameAI.swift */; };
		5A38ABCD21B2A68600ADD9DB /* main.swift in Sources */ = {isa = PBXBuildFile; fileRef = 5A38ABCC21B2A68600ADD9DB /* main.swift */; };
		5A38ABD421B2A6B000ADD9DB /* TriangularArray.swift in Sources */ = {isa = PBXBuildFile; fileRef = 5A38ABD321B2A6B000ADD9DB /* TriangularArray.swift */; };
		5A38ABD621B2A97E00ADD9DB /* Tile.swift in Sources */ = {isa = PBXBuildFile; fileRef = 5A38ABD521B2A97E00ADD9DB /* Tile.swift */; };
		5A38ABD821B2AB7200ADD9DB /* Colors.swift in Sources */ = {isa = PBXBuildFile; fileRef = 5A38ABD721B2AB7200ADD9DB /* Colors.swift */; };
		5A38ABDA21B2ABA100ADD9DB /* Game.swift in Sources */ = {isa = PBXBuildFile; fileRef = 5A38ABD921B2ABA100ADD9DB /* Game.swift */; };
/* End PBXBuildFile section */

/* Begin PBXCopyFilesBuildPhase section */
		5A38ABC721B2A68600ADD9DB /* CopyFiles */ = {
			isa = PBXCopyFilesBuildPhase;
			buildActionMask = 2147483647;
			dstPath = /usr/share/man/man1/;
			dstSubfolderSpec = 0;
			files = (
			);
			runOnlyForDeploymentPostprocessing = 1;
		};
/* End PBXCopyFilesBuildPhase section */

/* Begin PBXFileReference section */
		5A34782121B3ED3200C20D45 /* GameAI.swift */ = {isa = PBXFileReference; lastKnownFileType = sourcecode.swift; path = GameAI.swift; sourceTree = "<group>"; };
		5A38ABC921B2A68600ADD9DB /* BlackHoleGamePrototype */ = {isa = PBXFileReference; explicitFileType = "compiled.mach-o.executable"; includeInIndex = 0; path = BlackHoleGamePrototype; sourceTree = BUILT_PRODUCTS_DIR; };
		5A38ABCC21B2A68600ADD9DB /* main.swift */ = {isa = PBXFileReference; lastKnownFileType = sourcecode.swift; path = main.swift; sourceTree = "<group>"; };
		5A38ABD321B2A6B000ADD9DB /* TriangularArray.swift */ = {isa = PBXFileReference; fileEncoding = 4; lastKnownFileType = sourcecode.swift; path = TriangularArray.swift; sourceTree = "<group>"; };
		5A38ABD521B2A97E00ADD9DB /* Tile.swift */ = {isa = PBXFileReference; lastKnownFileType = sourcecode.swift; path = Tile.swift; sourceTree = "<group>"; };
		5A38ABD721B2AB7200ADD9DB /* Colors.swift */ = {isa = PBXFileReference; lastKnownFileType = sourcecode.swift; path = Colors.swift; sourceTree = "<group>"; };
		5A38ABD921B2ABA100ADD9DB /* Game.swift */ = {isa = PBXFileReference; lastKnownFileType = sourcecode.swift; path = Game.swift; sourceTree = "<group>"; };
/* End PBXFileReference section */

/* Begin PBXFrameworksBuildPhase section */
		5A38ABC621B2A68600ADD9DB /* Frameworks */ = {
			isa = PBXFrameworksBuildPhase;
			buildActionMask = 2147483647;
			files = (
			);
			runOnlyForDeploymentPostprocessing = 0;
		};
/* End PBXFrameworksBuildPhase section */

/* Begin PBXGroup section */
		5A38ABC021B2A68600ADD9DB = {
			isa = PBXGroup;
			children = (
				5A38ABCB21B2A68600ADD9DB /* BlackHoleGamePrototype */,
				5A38ABCA21B2A68600ADD9DB /* Products */,
			);
			sourceTree = "<group>";
		};
		5A38ABCA21B2A68600ADD9DB /* Products */ = {
			isa = PBXGroup;
			children = (
				5A38ABC921B2A68600ADD9DB /* BlackHoleGamePrototype */,
			);
			name = Products;
			sourceTree = "<group>";
		};
		5A38ABCB21B2A68600ADD9DB /* BlackHoleGamePrototype */ = {
			isa = PBXGroup;
			children = (
				5A38ABD321B2A6B000ADD9DB /* TriangularArray.swift */,
				5A38ABD521B2A97E00ADD9DB /* Tile.swift */,
				5A38ABD721B2AB7200ADD9DB /* Colors.swift */,
				5A38ABD921B2ABA100ADD9DB /* Game.swift */,
				5A34782121B3ED3200C20D45 /* GameAI.swift */,
				5A38ABCC21B2A68600ADD9DB /* main.swift */,
			);
			path = BlackHoleGamePrototype;
			sourceTree = "<group>";
		};
/* End PBXGroup section */

/* Begin PBXNativeTarget section */
		5A38ABC821B2A68600ADD9DB /* BlackHoleGamePrototype */ = {
			isa = PBXNativeTarget;
			buildConfigurationList = 5A38ABD021B2A68600ADD9DB /* Build configuration list for PBXNativeTarget "BlackHoleGamePrototype" */;
			buildPhases = (
				5A38ABC521B2A68600ADD9DB /* Sources */,
				5A38ABC621B2A68600ADD9DB /* Frameworks */,
				5A38ABC721B2A68600ADD9DB /* CopyFiles */,
			);
			buildRules = (
			);
			dependencies = (
			);
			name = BlackHoleGamePrototype;
			productName = BlackHoleGamePrototype;
			productReference = 5A38ABC921B2A68600ADD9DB /* BlackHoleGamePrototype */;
			productType = "com.apple.product-type.tool";
		};
/* End PBXNativeTarget section */

/* Begin PBXProject section */
		5A38ABC121B2A68600ADD9DB /* Project object */ = {
			isa = PBXProject;
			attributes = {
				LastSwiftUpdateCheck = 1000;
				LastUpgradeCheck = 1000;
				ORGANIZATIONNAME = "Mulang Su";
				TargetAttributes = {
					5A38ABC821B2A68600ADD9DB = {
						CreatedOnToolsVersion = 10.0;
					};
				};
			};
			buildConfigurationList = 5A38ABC421B2A68600ADD9DB /* Build configuration list for PBXProject "BlackHoleGamePrototype" */;
			compatibilityVersion = "Xcode 9.3";
			developmentRegion = en;
			hasScannedForEncodings = 0;
			knownRegions = (
				en,
			);
			mainGroup = 5A38ABC021B2A68600ADD9DB;
			productRefGroup = 5A38ABCA21B2A68600ADD9DB /* Products */;
			projectDirPath = "";
			projectRoot = "";
			targets = (
				5A38ABC821B2A68600ADD9DB /* BlackHoleGamePrototype */,
			);
		};
/* End PBXProject section */

/* Begin PBXSourcesBuildPhase section */
		5A38ABC521B2A68600ADD9DB /* Sources */ = {
			isa = PBXSourcesBuildPhase;
			buildActionMask = 2147483647;
			files = (
				5A38ABD621B2A97E00ADD9DB /* Tile.swift in Sources */,
				5A38ABDA21B2ABA100ADD9DB /* Game.swift in Sources */,
				5A38ABD821B2AB7200ADD9DB /* Colors.swift in Sources */,
				5A34782221B3ED3200C20D45 /* GameAI.swift in Sources */,
				5A38ABD421B2A6B000ADD9DB /* TriangularArray.swift in Sources */,
				5A38ABCD21B2A68600ADD9DB /* main.swift in Sources */,
			);
			runOnlyForDeploymentPostprocessing = 0;
		};
/* End PBXSourcesBuildPhase section */

/* Begin XCBuildConfiguration section */
		5A38ABCE21B2A68600ADD9DB /* Debug */ = {
			isa = XCBuildConfiguration;
			buildSettings = {
				ALWAYS_SEARCH_USER_PATHS = NO;
				CLANG_ANALYZER_NONNULL = YES;
				CLANG_ANALYZER_NUMBER_OBJECT_CONVERSION = YES_AGGRESSIVE;
				CLANG_CXX_LANGUAGE_STANDARD = "gnu++14";
				CLANG_CXX_LIBRARY = "libc++";
				CLANG_ENABLE_MODULES = YES;
				CLANG_ENABLE_OBJC_ARC = YES;
				CLANG_ENABLE_OBJC_WEAK = YES;
				CLANG_WARN_BLOCK_CAPTURE_AUTORELEASING = YES;
				CLANG_WARN_BOOL_CONVERSION = YES;
				CLANG_WARN_COMMA = YES;
				CLANG_WARN_CONSTANT_CONVERSION = YES;
				CLANG_WARN_DEPRECATED_OBJC_IMPLEMENTATIONS = YES;
				CLANG_WARN_DIRECT_OBJC_ISA_USAGE = YES_ERROR;
				CLANG_WARN_DOCUMENTATION_COMMENTS = YES;
				CLANG_WARN_EMPTY_BODY = YES;
				CLANG_WARN_ENUM_CONVERSION = YES;
				CLANG_WARN_INFINITE_RECURSION = YES;
				CLANG_WARN_INT_CONVERSION = YES;
				CLANG_WARN_NON_LITERAL_NULL_CONVERSION = YES;
				CLANG_WARN_OBJC_IMPLICIT_RETAIN_SELF = YES;
				CLANG_WARN_OBJC_LITERAL_CONVERSION = YES;
				CLANG_WARN_OBJC_ROOT_CLASS = YES_ERROR;
				CLANG_WARN_RANGE_LOOP_ANALYSIS = YES;
				CLANG_WARN_STRICT_PROTOTYPES = YES;
				CLANG_WARN_SUSPICIOUS_MOVE = YES;
				CLANG_WARN_UNGUARDED_AVAILABILITY = YES_AGGRESSIVE;
				CLANG_WARN_UNREACHABLE_CODE = YES;
				CLANG_WARN__DUPLICATE_METHOD_MATCH = YES;
				CODE_SIGN_IDENTITY = "Mac Developer";
				COPY_PHASE_STRIP = NO;
				DEBUG_INFORMATION_FORMAT = dwarf;
				ENABLE_STRICT_OBJC_MSGSEND = YES;
				ENABLE_TESTABILITY = YES;
				GCC_C_LANGUAGE_STANDARD = gnu11;
				GCC_DYNAMIC_NO_PIC = NO;
				GCC_NO_COMMON_BLOCKS = YES;
				GCC_OPTIMIZATION_LEVEL = 0;
				GCC_PREPROCESSOR_DEFINITIONS = (
					"DEBUG=1",
					"$(inherited)",
				);
				GCC_WARN_64_TO_32_BIT_CONVERSION = YES;
				GCC_WARN_ABOUT_RETURN_TYPE = YES_ERROR;
				GCC_WARN_UNDECLARED_SELECTOR = YES;
				GCC_WARN_UNINITIALIZED_AUTOS = YES_AGGRESSIVE;
				GCC_WARN_UNUSED_FUNCTION = YES;
				GCC_WARN_UNUSED_VARIABLE = YES;
				MACOSX_DEPLOYMENT_TARGET = 10.14;
				MTL_ENABLE_DEBUG_INFO = INCLUDE_SOURCE;
				MTL_FAST_MATH = YES;
				ONLY_ACTIVE_ARCH = YES;
				SDKROOT = macosx;
				SWIFT_ACTIVE_COMPILATION_CONDITIONS = DEBUG;
				SWIFT_OPTIMIZATION_LEVEL = "-Onone";
			};
			name = Debug;
		};
		5A38ABCF21B2A68600ADD9DB /* Release */ = {
			isa = XCBuildConfiguration;
			buildSettings = {
				ALWAYS_SEARCH_USER_PATHS = NO;
				CLANG_ANALYZER_NONNULL = YES;
				CLANG_ANALYZER_NUMBER_OBJECT_CONVERSION = YES_AGGRESSIVE;
				CLANG_CXX_LANGUAGE_STANDARD = "gnu++14";
				CLANG_CXX_LIBRARY = "libc++";
				CLANG_ENABLE_MODULES = YES;
				CLANG_ENABLE_OBJC_ARC = YES;
				CLANG_ENABLE_OBJC_WEAK = YES;
				CLANG_WARN_BLOCK_CAPTURE_AUTORELEASING = YES;
				CLANG_WARN_BOOL_CONVERSION = YES;
				CLANG_WARN_COMMA = YES;
				CLANG_WARN_CONSTANT_CONVERSION = YES;
				CLANG_WARN_DEPRECATED_OBJC_IMPLEMENTATIONS = YES;
				CLANG_WARN_DIRECT_OBJC_ISA_USAGE = YES_ERROR;
				CLANG_WARN_DOCUMENTATION_COMMENTS = YES;
				CLANG_WARN_EMPTY_BODY = YES;
				CLANG_WARN_ENUM_CONVERSION = YES;
				CLANG_WARN_INFINITE_RECURSION = YES;
				CLANG_WARN_INT_CONVERSION = YES;
				CLANG_WARN_NON_LITERAL_NULL_CONVERSION = YES;
				CLANG_WARN_OBJC_IMPLICIT_RETAIN_SELF = YES;
				CLANG_WARN_OBJC_LITERAL_CONVERSION = YES;
				CLANG_WARN_OBJC_ROOT_CLASS = YES_ERROR;
				CLANG_WARN_RANGE_LOOP_ANALYSIS = YES;
				CLANG_WARN_STRICT_PROTOTYPES = YES;
				CLANG_WARN_SUSPICIOUS_MOVE = YES;
				CLANG_WARN_UNGUARDED_AVAILABILITY = YES_AGGRESSIVE;
				CLANG_WARN_UNREACHABLE_CODE = YES;
				CLANG_WARN__DUPLICATE_METHOD_MATCH = YES;
				CODE_SIGN_IDENTITY = "Mac Developer";
				COPY_PHASE_STRIP = NO;
				DEBUG_INFORMATION_FORMAT = "dwarf-with-dsym";
				ENABLE_NS_ASSERTIONS = NO;
				ENABLE_STRICT_OBJC_MSGSEND = YES;
				GCC_C_LANGUAGE_STANDARD = gnu11;
				GCC_NO_COMMON_BLOCKS = YES;
				GCC_WARN_64_TO_32_BIT_CONVERSION = YES;
				GCC_WARN_ABOUT_RETURN_TYPE = YES_ERROR;
				GCC_WARN_UNDECLARED_SELECTOR = YES;
				GCC_WARN_UNINITIALIZED_AUTOS = YES_AGGRESSIVE;
				GCC_WARN_UNUSED_FUNCTION = YES;
				GCC_WARN_UNUSED_VARIABLE = YES;
				MACOSX_DEPLOYMENT_TARGET = 10.14;
				MTL_ENABLE_DEBUG_INFO = NO;
				MTL_FAST_MATH = YES;
				SDKROOT = macosx;
				SWIFT_COMPILATION_MODE = wholemodule;
				SWIFT_OPTIMIZATION_LEVEL = "-O";
			};
			name = Release;
		};
		5A38ABD121B2A68600ADD9DB /* Debug */ = {
			isa = XCBuildConfiguration;
			buildSettings = {
				CODE_SIGN_STYLE = Automatic;
				DEVELOPMENT_TEAM = E9MW74DJ4Y;
				PRODUCT_NAME = "$(TARGET_NAME)";
				SWIFT_VERSION = 4.2;
			};
			name = Debug;
		};
		5A38ABD221B2A68600ADD9DB /* Release */ = {
			isa = XCBuildConfiguration;
			buildSettings = {
				CODE_SIGN_STYLE = Automatic;
				DEVELOPMENT_TEAM = E9MW74DJ4Y;
				PRODUCT_NAME = "$(TARGET_NAME)";
				SWIFT_VERSION = 4.2;
			};
			name = Release;
		};
/* End XCBuildConfiguration section */

/* Begin XCConfigurationList section */
		5A38ABC421B2A68600ADD9DB /* Build configuration list for PBXProject "BlackHoleGamePrototype" */ = {
			isa = XCConfigurationList;
			buildConfigurations = (
				5A38ABCE21B2A68600ADD9DB /* Debug */,
				5A38ABCF21B2A68600ADD9DB /* Release */,
			);
			defaultConfigurationIsVisible = 0;
			defaultConfigurationName = Release;
		};
		5A38ABD021B2A68600ADD9DB /* Build configuration list for PBXNativeTarget "BlackHoleGamePrototype" */ = {
			isa = XCConfigurationList;
			buildConfigurations = (
				5A38ABD121B2A68600ADD9DB /* Debug */,
				5A38ABD221B2A68600ADD9DB /* Release */,
			);
			defaultConfigurationIsVisible = 0;
			defaultConfigurationName = Release;
		};
/* End XCConfigurationList section */
	};
	rootObject = 5A38ABC121B2A68600ADD9DB /* Project object */;
}
